{
  "version": 4,
  "terraform_version": "1.12.0",
  "serial": 4,
  "lineage": "74548911-5a87-c2dc-9e7c-3ee98b0aada2",
  "outputs": {
    "bucket_name": {
      "value": "my-wordcount-bucket",
      "type": "string"
    },
    "lambda_function_name": {
      "value": "wordcount_word_counter",
      "type": "string"
    }
  },
  "resources": [
    {
      "mode": "data",
      "type": "archive_file",
      "name": "lambda_zip",
      "provider": "provider[\"registry.terraform.io/hashicorp/archive\"]",
      "instances": [
        {
          "schema_version": 0,
          "attributes": {
            "exclude_symlink_directories": null,
            "excludes": null,
            "id": "b7c70e4837d695c2fcae84ef457ee7a2ecc7fd43",
            "output_base64sha256": "6T1CCFDW/+Dvzu3wChsqGbWVxz8BylfIP3RQKc7PAmg=",
            "output_base64sha512": "UUK8qFIWBnxupqj3urmesLapKlVdHUo91WYKcqCKp2N5u7TyClx3HT+6VlpEb5NuX3h/g8AG5b9C53PIFhz16w==",
            "output_file_mode": null,
            "output_md5": "c7fb084b97ad293cf7e7be28162f01c9",
            "output_path": "./lambda.zip",
            "output_sha": "b7c70e4837d695c2fcae84ef457ee7a2ecc7fd43",
            "output_sha256": "e93d420850d6ffe0efceedf00a1b2a19b595c73f01ca57c83f745029cecf0268",
            "output_sha512": "5142bca85216067c6ea6a8f7bab99eb0b6a92a555d1d4a3dd5660a72a08aa76379bbb4f20a5c771d3fba565a446f936e5f787f83c006e5bf42e773c8161cf5eb",
            "output_size": 646,
            "source": [],
            "source_content": null,
            "source_content_filename": null,
            "source_dir": "./lambda",
            "source_file": null,
            "type": "zip"
          },
          "sensitive_attributes": [],
          "identity_schema_version": 0
        }
      ]
    },
    {
      "mode": "managed",
      "type": "aws_iam_role",
      "name": "lambda_exec_role",
      "provider": "provider[\"registry.terraform.io/hashicorp/aws\"]",
      "instances": [
        {
          "schema_version": 0,
          "attributes": {
            "arn": "arn:aws:iam::634898291786:role/wordcount_lambda_role",
            "assume_role_policy": "{\"Statement\":[{\"Action\":\"sts:AssumeRole\",\"Effect\":\"Allow\",\"Principal\":{\"Service\":\"lambda.amazonaws.com\"}}],\"Version\":\"2012-10-17\"}",
            "create_date": "2025-06-06T19:43:59Z",
            "description": "",
            "force_detach_policies": false,
            "id": "wordcount_lambda_role",
            "inline_policy": [],
            "managed_policy_arns": [],
            "max_session_duration": 3600,
            "name": "wordcount_lambda_role",
            "name_prefix": "",
            "path": "/",
            "permissions_boundary": "",
            "tags": null,
            "tags_all": {},
            "unique_id": "AROAZHUXDDRFMOCIBAQK4"
          },
          "sensitive_attributes": [],
          "identity_schema_version": 0,
          "private": "bnVsbA=="
        }
      ]
    },
    {
      "mode": "managed",
      "type": "aws_lambda_function",
      "name": "word_counter",
      "provider": "provider[\"registry.terraform.io/hashicorp/aws\"]",
      "instances": [
        {
          "schema_version": 0,
          "attributes": {
            "architectures": [
              "x86_64"
            ],
            "arn": "arn:aws:lambda:us-east-1:634898291786:function:wordcount_word_counter",
            "code_sha256": "6T1CCFDW/+Dvzu3wChsqGbWVxz8BylfIP3RQKc7PAmg=",
            "code_signing_config_arn": "",
            "dead_letter_config": [],
            "description": "",
            "environment": [],
            "ephemeral_storage": [
              {
                "size": 512
              }
            ],
            "file_system_config": [],
            "filename": "./lambda.zip",
            "function_name": "wordcount_word_counter",
            "handler": "lambda_function.lambda_handler",
            "id": "wordcount_word_counter",
            "image_config": [],
            "image_uri": "",
            "invoke_arn": "arn:aws:apigateway:us-east-1:lambda:path/2015-03-31/functions/arn:aws:lambda:us-east-1:634898291786:function:wordcount_word_counter/invocations",
            "kms_key_arn": "",
            "last_modified": "2025-06-06T19:44:07.435+0000",
            "layers": null,
            "logging_config": [
              {
                "application_log_level": "",
                "log_format": "Text",
                "log_group": "/aws/lambda/wordcount_word_counter",
                "system_log_level": ""
              }
            ],
            "memory_size": 128,
            "package_type": "Zip",
            "publish": false,
            "qualified_arn": "arn:aws:lambda:us-east-1:634898291786:function:wordcount_word_counter:$LATEST",
            "qualified_invoke_arn": "arn:aws:apigateway:us-east-1:lambda:path/2015-03-31/functions/arn:aws:lambda:us-east-1:634898291786:function:wordcount_word_counter:$LATEST/invocations",
            "replace_security_groups_on_destroy": null,
            "replacement_security_group_ids": null,
            "reserved_concurrent_executions": -1,
            "role": "arn:aws:iam::634898291786:role/wordcount_lambda_role",
            "runtime": "python3.9",
            "s3_bucket": null,
            "s3_key": null,
            "s3_object_version": null,
            "signing_job_arn": "",
            "signing_profile_version_arn": "",
            "skip_destroy": false,
            "snap_start": [],
            "source_code_hash": "6T1CCFDW/+Dvzu3wChsqGbWVxz8BylfIP3RQKc7PAmg=",
            "source_code_size": 646,
            "tags": null,
            "tags_all": {},
            "timeout": 30,
            "timeouts": null,
            "tracing_config": [
              {
                "mode": "PassThrough"
              }
            ],
            "version": "$LATEST",
            "vpc_config": []
          },
          "sensitive_attributes": [],
          "identity_schema_version": 0,
          "private": "eyJlMmJmYjczMC1lY2FhLTExZTYtOGY4OC0zNDM2M2JjN2M0YzAiOnsiY3JlYXRlIjo2MDAwMDAwMDAwMDAsImRlbGV0ZSI6NjAwMDAwMDAwMDAwLCJ1cGRhdGUiOjYwMDAwMDAwMDAwMH19",
          "dependencies": [
            "aws_iam_role.lambda_exec_role",
            "data.archive_file.lambda_zip"
          ]
        }
      ]
    }
  ],
  "check_results": null
}
